
Microsoft Visual Studio Solution File, Format Version 12.00
# Visual Studio 15
VisualStudioVersion = 15.0.26730.12
MinimumVisualStudioVersion = 10.0.40219.1
Project("{FAE04EC0-301F-11D3-BF4B-00C04F79EFBC}") = "cesjarvisazure", "cesjarvisazure\cesjarvisazure.csproj", "{EC4836FA-E643-4AC7-B23F-7DCD7EDDB4B2}"
EndProject
Global
	GlobalSection(SolutionConfigurationPlatforms) = preSolution
		Debug|Any CPU = Debug|Any CPU
		Release|Any CPU = Release|Any CPU
	EndGlobalSection
	GlobalSection(ProjectConfigurationPlatforms) = postSolution
		{EC4836FA-E643-4AC7-B23F-7DCD7EDDB4B2}.Debug|Any CPU.ActiveCfg = Debug|Any CPU
		{EC4836FA-E643-4AC7-B23F-7DCD7EDDB4B2}.Debug|Any CPU.Build.0 = Debug|Any CPU
		{EC4836FA-E643-4AC7-B23F-7DCD7EDDB4B2}.Release|Any CPU.ActiveCfg = Release|Any CPU
		{EC4836FA-E643-4AC7-B23F-7DCD7EDDB4B2}.Release|Any CPU.Build.0 = Release|Any CPU
	EndGlobalSection
	GlobalSection(SolutionProperties) = preSolution
		HideSolutionNode = FALSE
	EndGlobalSection
	GlobalSection(ExtensibilityGlobals) = postSolution
		SolutionGuid = {EB72E715-7570-427C-B770-32D4CF8B051B}
	EndGlobalSection
EndGlobal
